
Microsoft Visual Studio Solution File, Format Version 12.00
# Visual Studio Version 16
VisualStudioVersion = 16.0.29519.87
MinimumVisualStudioVersion = 10.0.40219.1
Project("{9A19103F-16F7-4668-BE54-9A1E7A4F7556}") = "Day1.1", "Day1.1\Day1.1.csproj", "{9AE0BE90-2FEF-46CC-8405-529E5E3AB89D}"
EndProject
Project("{9A19103F-16F7-4668-BE54-9A1E7A4F7556}") = "Day1.2", "Day1.2\Day1.2.csproj", "{A3F4B784-FADD-438B-9153-9E81BDC950DB}"
EndProject
Project("{9A19103F-16F7-4668-BE54-9A1E7A4F7556}") = "Day2.1", "Day2.1\Day2.1.csproj", "{FE9D04B9-A56E-4B58-B9CD-E8BE68BCD29D}"
EndProject
Project("{9A19103F-16F7-4668-BE54-9A1E7A4F7556}") = "Day2.2", "Day2.2\Day2.2.csproj", "{16735FD8-5620-4CFF-965F-98CAF6E7F4E1}"
EndProject
Project("{9A19103F-16F7-4668-BE54-9A1E7A4F7556}") = "Day3.1", "Day3.1\Day3.1.csproj", "{51866646-B6AE-4EEB-9F17-4E2F3122F841}"
EndProject
Project("{9A19103F-16F7-4668-BE54-9A1E7A4F7556}") = "Day3.2", "Day3.2\Day3.2.csproj", "{3FCEE233-06F9-45ED-B4C3-DE6F80E73A9A}"
EndProject
Project("{9A19103F-16F7-4668-BE54-9A1E7A4F7556}") = "Day4.1", "Day4.1\Day4.1.csproj", "{ABAA46C6-690D-4472-9596-F4F09ADDCA2A}"
EndProject
Project("{9A19103F-16F7-4668-BE54-9A1E7A4F7556}") = "Day4.2", "Day4.2\Day4.2.csproj", "{4F2DC077-95CB-4170-825E-3EA4D6707F10}"
EndProject
Project("{9A19103F-16F7-4668-BE54-9A1E7A4F7556}") = "Day5.1", "Day5.1\Day5.1.csproj", "{233088D7-4596-499D-99EF-679FE86FA428}"
EndProject
Project("{9A19103F-16F7-4668-BE54-9A1E7A4F7556}") = "Day5.2", "Day5.2\Day5.2.csproj", "{E9D5094C-5D41-4A79-B316-9F0855796288}"
EndProject
Project("{9A19103F-16F7-4668-BE54-9A1E7A4F7556}") = "Day6.1", "Day6.1\Day6.1.csproj", "{A8C3CC21-DC5F-4A73-A97B-B16E64CD196D}"
EndProject
Project("{9A19103F-16F7-4668-BE54-9A1E7A4F7556}") = "Day6.2", "Day6.2\Day6.2.csproj", "{C07C46F1-EFF1-4CAD-865C-58BF52C61764}"
EndProject
Project("{9A19103F-16F7-4668-BE54-9A1E7A4F7556}") = "Day7.1", "Day7.1\Day7.1.csproj", "{4529A1FF-E8C3-4439-BF53-0C1184473CBB}"
EndProject
Project("{9A19103F-16F7-4668-BE54-9A1E7A4F7556}") = "Day7.2", "Day7.2\Day7.2.csproj", "{7D80AE1C-8F39-4616-A2CC-B6FCF94649F9}"
EndProject
Project("{9A19103F-16F7-4668-BE54-9A1E7A4F7556}") = "Day8.1", "Day8.1\Day8.1.csproj", "{20DB4D24-765C-4159-8E18-E1830039D6EA}"
EndProject
Project("{9A19103F-16F7-4668-BE54-9A1E7A4F7556}") = "Day8.2", "Day8.2\Day8.2.csproj", "{12218194-E400-4D95-A333-17286CB931A5}"
EndProject
Project("{9A19103F-16F7-4668-BE54-9A1E7A4F7556}") = "Day9.1", "Day9.1\Day9.1.csproj", "{B31CC28A-1C7A-4626-97E3-127FFA9BA0F9}"
EndProject
Project("{9A19103F-16F7-4668-BE54-9A1E7A4F7556}") = "Day9.2", "Day9.2\Day9.2.csproj", "{BCE53DE4-655C-4BE7-8FC7-71AB80A6D827}"
EndProject
Project("{9A19103F-16F7-4668-BE54-9A1E7A4F7556}") = "Intcode", "Intcode\Intcode.csproj", "{C5BEB191-EFCC-4D0A-B479-B3ED5D0F9848}"
EndProject
Project("{9A19103F-16F7-4668-BE54-9A1E7A4F7556}") = "IntcodeDISASM", "IntcodeDISASM\IntcodeDISASM.csproj", "{11A9178B-1FF2-4A95-A367-D17767BCAD8E}"
EndProject
Project("{9A19103F-16F7-4668-BE54-9A1E7A4F7556}") = "IntcodeASM", "IntcodeASM\IntcodeASM.csproj", "{210B010E-0259-4568-BAF2-BCC54BF828BD}"
EndProject
Project("{9A19103F-16F7-4668-BE54-9A1E7A4F7556}") = "Day10.1", "Day10.1\Day10.1.csproj", "{68ACDDC1-AB77-40F2-BDA9-7E73056C4DF1}"
EndProject
Project("{9A19103F-16F7-4668-BE54-9A1E7A4F7556}") = "Day10.2", "Day10.2\Day10.2.csproj", "{89754C68-DA5D-43E1-A6BD-C0441A750743}"
EndProject
Project("{9A19103F-16F7-4668-BE54-9A1E7A4F7556}") = "Day11", "Day11.1\Day11.csproj", "{2621BE03-3B90-42FB-92AD-FAD722E3A794}"
EndProject
Project("{9A19103F-16F7-4668-BE54-9A1E7A4F7556}") = "Day12.1", "Day12.1\Day12.1.csproj", "{3CD7A82D-B119-4D20-89A4-7C391FBC31AD}"
EndProject
Project("{9A19103F-16F7-4668-BE54-9A1E7A4F7556}") = "Day12.2", "Day12.2\Day12.2.csproj", "{03A2D6F5-C9BB-4074-9A12-3E88AF64E23E}"
EndProject
Project("{9A19103F-16F7-4668-BE54-9A1E7A4F7556}") = "Day13.1", "Day13.1\Day13.1.csproj", "{2D1389B9-F1D7-4347-ACFA-49F008107780}"
EndProject
Project("{9A19103F-16F7-4668-BE54-9A1E7A4F7556}") = "Day13.2", "Day13.2\Day13.2.csproj", "{EEE1D591-588D-46BE-A257-AC605D85D00A}"
EndProject
Project("{9A19103F-16F7-4668-BE54-9A1E7A4F7556}") = "Day17.1", "Day17.1\Day17.1.csproj", "{8EC26CD3-0FEE-4768-97B6-9EAAB868F166}"
EndProject
Project("{9A19103F-16F7-4668-BE54-9A1E7A4F7556}") = "Day17.2", "Day17.2\Day17.2.csproj", "{11D2132D-9A4A-4C52-AE2B-74E0B0B3886D}"
EndProject
Project("{9A19103F-16F7-4668-BE54-9A1E7A4F7556}") = "Day14.1", "Day14.1\Day14.1.csproj", "{9232E429-6BA3-4F95-AD72-BE603DAE5A95}"
EndProject
Project("{9A19103F-16F7-4668-BE54-9A1E7A4F7556}") = "Day14.2", "Day14.2\Day14.2.csproj", "{1EECE551-BE16-4DB0-9F1B-FFEAC5F467DE}"
EndProject
Project("{9A19103F-16F7-4668-BE54-9A1E7A4F7556}") = "Day15.1", "Day15.1\Day15.1.csproj", "{960A83EA-86C6-4B23-9C0B-67D9C08EEE20}"
EndProject
Project("{9A19103F-16F7-4668-BE54-9A1E7A4F7556}") = "Day15.2", "Day15.2\Day15.2.csproj", "{F70797EA-05E4-49D1-9375-C6F8F543413E}"
EndProject
Project("{9A19103F-16F7-4668-BE54-9A1E7A4F7556}") = "Day16.1", "Day16.1\Day16.1.csproj", "{12128629-49D0-4F66-83E8-950B99F5D5EB}"
EndProject
Project("{9A19103F-16F7-4668-BE54-9A1E7A4F7556}") = "Day16.2", "Day16.2\Day16.2.csproj", "{0B49E9DF-16CE-4775-9714-F651B8EA8058}"
EndProject
Project("{9A19103F-16F7-4668-BE54-9A1E7A4F7556}") = "Day19.1", "Day19.1\Day19.1.csproj", "{B312B707-3098-49AD-BDE6-E26C236487A4}"
EndProject
Project("{9A19103F-16F7-4668-BE54-9A1E7A4F7556}") = "Day19.2", "Day19.2\Day19.2.csproj", "{B7E3A035-5547-46EB-AE6C-6CE697EFF8F2}"
EndProject
Project("{FAE04EC0-301F-11D3-BF4B-00C04F79EFBC}") = "Day22.1", "Day22.1\Day22.1.csproj", "{2F08097C-ED4D-4782-9D16-BA14320B240E}"
EndProject
Project("{FAE04EC0-301F-11D3-BF4B-00C04F79EFBC}") = "Day22.2", "Day22.2\Day22.2.csproj", "{D8A07E5F-A0E2-4678-B7E6-2BF5B863C246}"
EndProject
Global
	GlobalSection(SolutionConfigurationPlatforms) = preSolution
		Debug|Any CPU = Debug|Any CPU
		Release|Any CPU = Release|Any CPU
	EndGlobalSection
	GlobalSection(ProjectConfigurationPlatforms) = postSolution
		{9AE0BE90-2FEF-46CC-8405-529E5E3AB89D}.Debug|Any CPU.ActiveCfg = Debug|Any CPU
		{9AE0BE90-2FEF-46CC-8405-529E5E3AB89D}.Debug|Any CPU.Build.0 = Debug|Any CPU
		{9AE0BE90-2FEF-46CC-8405-529E5E3AB89D}.Release|Any CPU.ActiveCfg = Release|Any CPU
		{9AE0BE90-2FEF-46CC-8405-529E5E3AB89D}.Release|Any CPU.Build.0 = Release|Any CPU
		{A3F4B784-FADD-438B-9153-9E81BDC950DB}.Debug|Any CPU.ActiveCfg = Debug|Any CPU
		{A3F4B784-FADD-438B-9153-9E81BDC950DB}.Debug|Any CPU.Build.0 = Debug|Any CPU
		{A3F4B784-FADD-438B-9153-9E81BDC950DB}.Release|Any CPU.ActiveCfg = Release|Any CPU
		{A3F4B784-FADD-438B-9153-9E81BDC950DB}.Release|Any CPU.Build.0 = Release|Any CPU
		{FE9D04B9-A56E-4B58-B9CD-E8BE68BCD29D}.Debug|Any CPU.ActiveCfg = Debug|Any CPU
		{FE9D04B9-A56E-4B58-B9CD-E8BE68BCD29D}.Debug|Any CPU.Build.0 = Debug|Any CPU
		{FE9D04B9-A56E-4B58-B9CD-E8BE68BCD29D}.Release|Any CPU.ActiveCfg = Release|Any CPU
		{FE9D04B9-A56E-4B58-B9CD-E8BE68BCD29D}.Release|Any CPU.Build.0 = Release|Any CPU
		{16735FD8-5620-4CFF-965F-98CAF6E7F4E1}.Debug|Any CPU.ActiveCfg = Debug|Any CPU
		{16735FD8-5620-4CFF-965F-98CAF6E7F4E1}.Debug|Any CPU.Build.0 = Debug|Any CPU
		{16735FD8-5620-4CFF-965F-98CAF6E7F4E1}.Release|Any CPU.ActiveCfg = Release|Any CPU
		{16735FD8-5620-4CFF-965F-98CAF6E7F4E1}.Release|Any CPU.Build.0 = Release|Any CPU
		{51866646-B6AE-4EEB-9F17-4E2F3122F841}.Debug|Any CPU.ActiveCfg = Debug|Any CPU
		{51866646-B6AE-4EEB-9F17-4E2F3122F841}.Debug|Any CPU.Build.0 = Debug|Any CPU
		{51866646-B6AE-4EEB-9F17-4E2F3122F841}.Release|Any CPU.ActiveCfg = Release|Any CPU
		{51866646-B6AE-4EEB-9F17-4E2F3122F841}.Release|Any CPU.Build.0 = Release|Any CPU
		{3FCEE233-06F9-45ED-B4C3-DE6F80E73A9A}.Debug|Any CPU.ActiveCfg = Debug|Any CPU
		{3FCEE233-06F9-45ED-B4C3-DE6F80E73A9A}.Debug|Any CPU.Build.0 = Debug|Any CPU
		{3FCEE233-06F9-45ED-B4C3-DE6F80E73A9A}.Release|Any CPU.ActiveCfg = Release|Any CPU
		{3FCEE233-06F9-45ED-B4C3-DE6F80E73A9A}.Release|Any CPU.Build.0 = Release|Any CPU
		{ABAA46C6-690D-4472-9596-F4F09ADDCA2A}.Debug|Any CPU.ActiveCfg = Debug|Any CPU
		{ABAA46C6-690D-4472-9596-F4F09ADDCA2A}.Debug|Any CPU.Build.0 = Debug|Any CPU
		{ABAA46C6-690D-4472-9596-F4F09ADDCA2A}.Release|Any CPU.ActiveCfg = Release|Any CPU
		{ABAA46C6-690D-4472-9596-F4F09ADDCA2A}.Release|Any CPU.Build.0 = Release|Any CPU
		{4F2DC077-95CB-4170-825E-3EA4D6707F10}.Debug|Any CPU.ActiveCfg = Debug|Any CPU
		{4F2DC077-95CB-4170-825E-3EA4D6707F10}.Debug|Any CPU.Build.0 = Debug|Any CPU
		{4F2DC077-95CB-4170-825E-3EA4D6707F10}.Release|Any CPU.ActiveCfg = Release|Any CPU
		{4F2DC077-95CB-4170-825E-3EA4D6707F10}.Release|Any CPU.Build.0 = Release|Any CPU
		{233088D7-4596-499D-99EF-679FE86FA428}.Debug|Any CPU.ActiveCfg = Debug|Any CPU
		{233088D7-4596-499D-99EF-679FE86FA428}.Debug|Any CPU.Build.0 = Debug|Any CPU
		{233088D7-4596-499D-99EF-679FE86FA428}.Release|Any CPU.ActiveCfg = Release|Any CPU
		{233088D7-4596-499D-99EF-679FE86FA428}.Release|Any CPU.Build.0 = Release|Any CPU
		{E9D5094C-5D41-4A79-B316-9F0855796288}.Debug|Any CPU.ActiveCfg = Debug|Any CPU
		{E9D5094C-5D41-4A79-B316-9F0855796288}.Debug|Any CPU.Build.0 = Debug|Any CPU
		{E9D5094C-5D41-4A79-B316-9F0855796288}.Release|Any CPU.ActiveCfg = Release|Any CPU
		{E9D5094C-5D41-4A79-B316-9F0855796288}.Release|Any CPU.Build.0 = Release|Any CPU
		{A8C3CC21-DC5F-4A73-A97B-B16E64CD196D}.Debug|Any CPU.ActiveCfg = Debug|Any CPU
		{A8C3CC21-DC5F-4A73-A97B-B16E64CD196D}.Debug|Any CPU.Build.0 = Debug|Any CPU
		{A8C3CC21-DC5F-4A73-A97B-B16E64CD196D}.Release|Any CPU.ActiveCfg = Release|Any CPU
		{A8C3CC21-DC5F-4A73-A97B-B16E64CD196D}.Release|Any CPU.Build.0 = Release|Any CPU
		{C07C46F1-EFF1-4CAD-865C-58BF52C61764}.Debug|Any CPU.ActiveCfg = Debug|Any CPU
		{C07C46F1-EFF1-4CAD-865C-58BF52C61764}.Debug|Any CPU.Build.0 = Debug|Any CPU
		{C07C46F1-EFF1-4CAD-865C-58BF52C61764}.Release|Any CPU.ActiveCfg = Release|Any CPU
		{C07C46F1-EFF1-4CAD-865C-58BF52C61764}.Release|Any CPU.Build.0 = Release|Any CPU
		{4529A1FF-E8C3-4439-BF53-0C1184473CBB}.Debug|Any CPU.ActiveCfg = Debug|Any CPU
		{4529A1FF-E8C3-4439-BF53-0C1184473CBB}.Debug|Any CPU.Build.0 = Debug|Any CPU
		{4529A1FF-E8C3-4439-BF53-0C1184473CBB}.Release|Any CPU.ActiveCfg = Release|Any CPU
		{4529A1FF-E8C3-4439-BF53-0C1184473CBB}.Release|Any CPU.Build.0 = Release|Any CPU
		{7D80AE1C-8F39-4616-A2CC-B6FCF94649F9}.Debug|Any CPU.ActiveCfg = Debug|Any CPU
		{7D80AE1C-8F39-4616-A2CC-B6FCF94649F9}.Debug|Any CPU.Build.0 = Debug|Any CPU
		{7D80AE1C-8F39-4616-A2CC-B6FCF94649F9}.Release|Any CPU.ActiveCfg = Release|Any CPU
		{7D80AE1C-8F39-4616-A2CC-B6FCF94649F9}.Release|Any CPU.Build.0 = Release|Any CPU
		{20DB4D24-765C-4159-8E18-E1830039D6EA}.Debug|Any CPU.ActiveCfg = Debug|Any CPU
		{20DB4D24-765C-4159-8E18-E1830039D6EA}.Debug|Any CPU.Build.0 = Debug|Any CPU
		{20DB4D24-765C-4159-8E18-E1830039D6EA}.Release|Any CPU.ActiveCfg = Release|Any CPU
		{20DB4D24-765C-4159-8E18-E1830039D6EA}.Release|Any CPU.Build.0 = Release|Any CPU
		{12218194-E400-4D95-A333-17286CB931A5}.Debug|Any CPU.ActiveCfg = Debug|Any CPU
		{12218194-E400-4D95-A333-17286CB931A5}.Debug|Any CPU.Build.0 = Debug|Any CPU
		{12218194-E400-4D95-A333-17286CB931A5}.Release|Any CPU.ActiveCfg = Release|Any CPU
		{12218194-E400-4D95-A333-17286CB931A5}.Release|Any CPU.Build.0 = Release|Any CPU
		{B31CC28A-1C7A-4626-97E3-127FFA9BA0F9}.Debug|Any CPU.ActiveCfg = Debug|Any CPU
		{B31CC28A-1C7A-4626-97E3-127FFA9BA0F9}.Debug|Any CPU.Build.0 = Debug|Any CPU
		{B31CC28A-1C7A-4626-97E3-127FFA9BA0F9}.Release|Any CPU.ActiveCfg = Release|Any CPU
		{B31CC28A-1C7A-4626-97E3-127FFA9BA0F9}.Release|Any CPU.Build.0 = Release|Any CPU
		{BCE53DE4-655C-4BE7-8FC7-71AB80A6D827}.Debug|Any CPU.ActiveCfg = Debug|Any CPU
		{BCE53DE4-655C-4BE7-8FC7-71AB80A6D827}.Debug|Any CPU.Build.0 = Debug|Any CPU
		{BCE53DE4-655C-4BE7-8FC7-71AB80A6D827}.Release|Any CPU.ActiveCfg = Release|Any CPU
		{BCE53DE4-655C-4BE7-8FC7-71AB80A6D827}.Release|Any CPU.Build.0 = Release|Any CPU
		{C5BEB191-EFCC-4D0A-B479-B3ED5D0F9848}.Debug|Any CPU.ActiveCfg = Debug|Any CPU
		{C5BEB191-EFCC-4D0A-B479-B3ED5D0F9848}.Debug|Any CPU.Build.0 = Debug|Any CPU
		{C5BEB191-EFCC-4D0A-B479-B3ED5D0F9848}.Release|Any CPU.ActiveCfg = Release|Any CPU
		{C5BEB191-EFCC-4D0A-B479-B3ED5D0F9848}.Release|Any CPU.Build.0 = Release|Any CPU
		{11A9178B-1FF2-4A95-A367-D17767BCAD8E}.Debug|Any CPU.ActiveCfg = Debug|Any CPU
		{11A9178B-1FF2-4A95-A367-D17767BCAD8E}.Debug|Any CPU.Build.0 = Debug|Any CPU
		{11A9178B-1FF2-4A95-A367-D17767BCAD8E}.Release|Any CPU.ActiveCfg = Release|Any CPU
		{11A9178B-1FF2-4A95-A367-D17767BCAD8E}.Release|Any CPU.Build.0 = Release|Any CPU
		{210B010E-0259-4568-BAF2-BCC54BF828BD}.Debug|Any CPU.ActiveCfg = Debug|Any CPU
		{210B010E-0259-4568-BAF2-BCC54BF828BD}.Debug|Any CPU.Build.0 = Debug|Any CPU
		{210B010E-0259-4568-BAF2-BCC54BF828BD}.Release|Any CPU.ActiveCfg = Release|Any CPU
		{210B010E-0259-4568-BAF2-BCC54BF828BD}.Release|Any CPU.Build.0 = Release|Any CPU
		{68ACDDC1-AB77-40F2-BDA9-7E73056C4DF1}.Debug|Any CPU.ActiveCfg = Debug|Any CPU
		{68ACDDC1-AB77-40F2-BDA9-7E73056C4DF1}.Debug|Any CPU.Build.0 = Debug|Any CPU
		{68ACDDC1-AB77-40F2-BDA9-7E73056C4DF1}.Release|Any CPU.ActiveCfg = Release|Any CPU
		{68ACDDC1-AB77-40F2-BDA9-7E73056C4DF1}.Release|Any CPU.Build.0 = Release|Any CPU
		{89754C68-DA5D-43E1-A6BD-C0441A750743}.Debug|Any CPU.ActiveCfg = Debug|Any CPU
		{89754C68-DA5D-43E1-A6BD-C0441A750743}.Debug|Any CPU.Build.0 = Debug|Any CPU
		{89754C68-DA5D-43E1-A6BD-C0441A750743}.Release|Any CPU.ActiveCfg = Release|Any CPU
		{89754C68-DA5D-43E1-A6BD-C0441A750743}.Release|Any CPU.Build.0 = Release|Any CPU
		{2621BE03-3B90-42FB-92AD-FAD722E3A794}.Debug|Any CPU.ActiveCfg = Debug|Any CPU
		{2621BE03-3B90-42FB-92AD-FAD722E3A794}.Debug|Any CPU.Build.0 = Debug|Any CPU
		{2621BE03-3B90-42FB-92AD-FAD722E3A794}.Release|Any CPU.ActiveCfg = Release|Any CPU
		{2621BE03-3B90-42FB-92AD-FAD722E3A794}.Release|Any CPU.Build.0 = Release|Any CPU
		{3CD7A82D-B119-4D20-89A4-7C391FBC31AD}.Debug|Any CPU.ActiveCfg = Debug|Any CPU
		{3CD7A82D-B119-4D20-89A4-7C391FBC31AD}.Debug|Any CPU.Build.0 = Debug|Any CPU
		{3CD7A82D-B119-4D20-89A4-7C391FBC31AD}.Release|Any CPU.ActiveCfg = Release|Any CPU
		{3CD7A82D-B119-4D20-89A4-7C391FBC31AD}.Release|Any CPU.Build.0 = Release|Any CPU
		{03A2D6F5-C9BB-4074-9A12-3E88AF64E23E}.Debug|Any CPU.ActiveCfg = Debug|Any CPU
		{03A2D6F5-C9BB-4074-9A12-3E88AF64E23E}.Debug|Any CPU.Build.0 = Debug|Any CPU
		{03A2D6F5-C9BB-4074-9A12-3E88AF64E23E}.Release|Any CPU.ActiveCfg = Release|Any CPU
		{03A2D6F5-C9BB-4074-9A12-3E88AF64E23E}.Release|Any CPU.Build.0 = Release|Any CPU
		{2D1389B9-F1D7-4347-ACFA-49F008107780}.Debug|Any CPU.ActiveCfg = Debug|Any CPU
		{2D1389B9-F1D7-4347-ACFA-49F008107780}.Debug|Any CPU.Build.0 = Debug|Any CPU
		{2D1389B9-F1D7-4347-ACFA-49F008107780}.Release|Any CPU.ActiveCfg = Release|Any CPU
		{2D1389B9-F1D7-4347-ACFA-49F008107780}.Release|Any CPU.Build.0 = Release|Any CPU
		{EEE1D591-588D-46BE-A257-AC605D85D00A}.Debug|Any CPU.ActiveCfg = Debug|Any CPU
		{EEE1D591-588D-46BE-A257-AC605D85D00A}.Debug|Any CPU.Build.0 = Debug|Any CPU
		{EEE1D591-588D-46BE-A257-AC605D85D00A}.Release|Any CPU.ActiveCfg = Release|Any CPU
		{EEE1D591-588D-46BE-A257-AC605D85D00A}.Release|Any CPU.Build.0 = Release|Any CPU
		{8EC26CD3-0FEE-4768-97B6-9EAAB868F166}.Debug|Any CPU.ActiveCfg = Debug|Any CPU
		{8EC26CD3-0FEE-4768-97B6-9EAAB868F166}.Debug|Any CPU.Build.0 = Debug|Any CPU
		{8EC26CD3-0FEE-4768-97B6-9EAAB868F166}.Release|Any CPU.ActiveCfg = Release|Any CPU
		{8EC26CD3-0FEE-4768-97B6-9EAAB868F166}.Release|Any CPU.Build.0 = Release|Any CPU
		{11D2132D-9A4A-4C52-AE2B-74E0B0B3886D}.Debug|Any CPU.ActiveCfg = Debug|Any CPU
		{11D2132D-9A4A-4C52-AE2B-74E0B0B3886D}.Debug|Any CPU.Build.0 = Debug|Any CPU
		{11D2132D-9A4A-4C52-AE2B-74E0B0B3886D}.Release|Any CPU.ActiveCfg = Release|Any CPU
		{11D2132D-9A4A-4C52-AE2B-74E0B0B3886D}.Release|Any CPU.Build.0 = Release|Any CPU
		{9232E429-6BA3-4F95-AD72-BE603DAE5A95}.Debug|Any CPU.ActiveCfg = Debug|Any CPU
		{9232E429-6BA3-4F95-AD72-BE603DAE5A95}.Debug|Any CPU.Build.0 = Debug|Any CPU
		{9232E429-6BA3-4F95-AD72-BE603DAE5A95}.Release|Any CPU.ActiveCfg = Release|Any CPU
		{9232E429-6BA3-4F95-AD72-BE603DAE5A95}.Release|Any CPU.Build.0 = Release|Any CPU
		{1EECE551-BE16-4DB0-9F1B-FFEAC5F467DE}.Debug|Any CPU.ActiveCfg = Debug|Any CPU
		{1EECE551-BE16-4DB0-9F1B-FFEAC5F467DE}.Debug|Any CPU.Build.0 = Debug|Any CPU
		{1EECE551-BE16-4DB0-9F1B-FFEAC5F467DE}.Release|Any CPU.ActiveCfg = Release|Any CPU
		{1EECE551-BE16-4DB0-9F1B-FFEAC5F467DE}.Release|Any CPU.Build.0 = Release|Any CPU
		{960A83EA-86C6-4B23-9C0B-67D9C08EEE20}.Debug|Any CPU.ActiveCfg = Debug|Any CPU
		{960A83EA-86C6-4B23-9C0B-67D9C08EEE20}.Debug|Any CPU.Build.0 = Debug|Any CPU
		{960A83EA-86C6-4B23-9C0B-67D9C08EEE20}.Release|Any CPU.ActiveCfg = Release|Any CPU
		{960A83EA-86C6-4B23-9C0B-67D9C08EEE20}.Release|Any CPU.Build.0 = Release|Any CPU
		{F70797EA-05E4-49D1-9375-C6F8F543413E}.Debug|Any CPU.ActiveCfg = Debug|Any CPU
		{F70797EA-05E4-49D1-9375-C6F8F543413E}.Debug|Any CPU.Build.0 = Debug|Any CPU
		{F70797EA-05E4-49D1-9375-C6F8F543413E}.Release|Any CPU.ActiveCfg = Release|Any CPU
		{F70797EA-05E4-49D1-9375-C6F8F543413E}.Release|Any CPU.Build.0 = Release|Any CPU
		{12128629-49D0-4F66-83E8-950B99F5D5EB}.Debug|Any CPU.ActiveCfg = Debug|Any CPU
		{12128629-49D0-4F66-83E8-950B99F5D5EB}.Debug|Any CPU.Build.0 = Debug|Any CPU
		{12128629-49D0-4F66-83E8-950B99F5D5EB}.Release|Any CPU.ActiveCfg = Release|Any CPU
		{12128629-49D0-4F66-83E8-950B99F5D5EB}.Release|Any CPU.Build.0 = Release|Any CPU
		{0B49E9DF-16CE-4775-9714-F651B8EA8058}.Debug|Any CPU.ActiveCfg = Debug|Any CPU
		{0B49E9DF-16CE-4775-9714-F651B8EA8058}.Debug|Any CPU.Build.0 = Debug|Any CPU
		{0B49E9DF-16CE-4775-9714-F651B8EA8058}.Release|Any CPU.ActiveCfg = Release|Any CPU
		{0B49E9DF-16CE-4775-9714-F651B8EA8058}.Release|Any CPU.Build.0 = Release|Any CPU
		{B312B707-3098-49AD-BDE6-E26C236487A4}.Debug|Any CPU.ActiveCfg = Debug|Any CPU
		{B312B707-3098-49AD-BDE6-E26C236487A4}.Debug|Any CPU.Build.0 = Debug|Any CPU
		{B312B707-3098-49AD-BDE6-E26C236487A4}.Release|Any CPU.ActiveCfg = Release|Any CPU
		{B312B707-3098-49AD-BDE6-E26C236487A4}.Release|Any CPU.Build.0 = Release|Any CPU
		{B7E3A035-5547-46EB-AE6C-6CE697EFF8F2}.Debug|Any CPU.ActiveCfg = Debug|Any CPU
		{B7E3A035-5547-46EB-AE6C-6CE697EFF8F2}.Debug|Any CPU.Build.0 = Debug|Any CPU
		{B7E3A035-5547-46EB-AE6C-6CE697EFF8F2}.Release|Any CPU.ActiveCfg = Release|Any CPU
		{B7E3A035-5547-46EB-AE6C-6CE697EFF8F2}.Release|Any CPU.Build.0 = Release|Any CPU
		{2F08097C-ED4D-4782-9D16-BA14320B240E}.Debug|Any CPU.ActiveCfg = Debug|Any CPU
		{2F08097C-ED4D-4782-9D16-BA14320B240E}.Debug|Any CPU.Build.0 = Debug|Any CPU
		{2F08097C-ED4D-4782-9D16-BA14320B240E}.Release|Any CPU.ActiveCfg = Release|Any CPU
		{2F08097C-ED4D-4782-9D16-BA14320B240E}.Release|Any CPU.Build.0 = Release|Any CPU
		{D8A07E5F-A0E2-4678-B7E6-2BF5B863C246}.Debug|Any CPU.ActiveCfg = Debug|Any CPU
		{D8A07E5F-A0E2-4678-B7E6-2BF5B863C246}.Debug|Any CPU.Build.0 = Debug|Any CPU
		{D8A07E5F-A0E2-4678-B7E6-2BF5B863C246}.Release|Any CPU.ActiveCfg = Release|Any CPU
		{D8A07E5F-A0E2-4678-B7E6-2BF5B863C246}.Release|Any CPU.Build.0 = Release|Any CPU
	EndGlobalSection
	GlobalSection(SolutionProperties) = preSolution
		HideSolutionNode = FALSE
	EndGlobalSection
	GlobalSection(ExtensibilityGlobals) = postSolution
		SolutionGuid = {F9E3D5FE-7A76-4E90-833C-31533EA36B38}
	EndGlobalSection
EndGlobal
