
Microsoft Visual Studio Solution File, Format Version 12.00
# Visual Studio Version 16
VisualStudioVersion = 16.0.29519.87
MinimumVisualStudioVersion = 10.0.40219.1
Project("{9A19103F-16F7-4668-BE54-9A1E7A4F7556}") = "Day1.1", "Day1.1\Day1.1.csproj", "{9AE0BE90-2FEF-46CC-8405-529E5E3AB89D}"
EndProject
Project("{9A19103F-16F7-4668-BE54-9A1E7A4F7556}") = "Day1.2", "Day1.2\Day1.2.csproj", "{A3F4B784-FADD-438B-9153-9E81BDC950DB}"
EndProject
Project("{9A19103F-16F7-4668-BE54-9A1E7A4F7556}") = "Day2.1", "Day2.1\Day2.1.csproj", "{FE9D04B9-A56E-4B58-B9CD-E8BE68BCD29D}"
EndProject
Project("{9A19103F-16F7-4668-BE54-9A1E7A4F7556}") = "Day2.2", "Day2.2\Day2.2.csproj", "{16735FD8-5620-4CFF-965F-98CAF6E7F4E1}"
EndProject
Project("{9A19103F-16F7-4668-BE54-9A1E7A4F7556}") = "Day3.1", "Day3.1\Day3.1.csproj", "{51866646-B6AE-4EEB-9F17-4E2F3122F841}"
EndProject
Project("{9A19103F-16F7-4668-BE54-9A1E7A4F7556}") = "Day3.2", "Day3.2\Day3.2.csproj", "{3FCEE233-06F9-45ED-B4C3-DE6F80E73A9A}"
EndProject
Project("{9A19103F-16F7-4668-BE54-9A1E7A4F7556}") = "Day4.1", "Day4.1\Day4.1.csproj", "{ABAA46C6-690D-4472-9596-F4F09ADDCA2A}"
EndProject
Project("{9A19103F-16F7-4668-BE54-9A1E7A4F7556}") = "Day4.2", "Day4.2\Day4.2.csproj", "{4F2DC077-95CB-4170-825E-3EA4D6707F10}"
EndProject
Project("{9A19103F-16F7-4668-BE54-9A1E7A4F7556}") = "Day5.1", "Day5.1\Day5.1.csproj", "{233088D7-4596-499D-99EF-679FE86FA428}"
EndProject
Project("{9A19103F-16F7-4668-BE54-9A1E7A4F7556}") = "Day5.2", "Day5.2\Day5.2.csproj", "{E9D5094C-5D41-4A79-B316-9F0855796288}"
EndProject
Project("{9A19103F-16F7-4668-BE54-9A1E7A4F7556}") = "Day6.1", "Day6.1\Day6.1.csproj", "{A8C3CC21-DC5F-4A73-A97B-B16E64CD196D}"
EndProject
Project("{9A19103F-16F7-4668-BE54-9A1E7A4F7556}") = "Day6.2", "Day6.2\Day6.2.csproj", "{C07C46F1-EFF1-4CAD-865C-58BF52C61764}"
EndProject
Project("{FAE04EC0-301F-11D3-BF4B-00C04F79EFBC}") = "Day7.1", "Day7.1\Day7.1.csproj", "{4529A1FF-E8C3-4439-BF53-0C1184473CBB}"
EndProject
Project("{FAE04EC0-301F-11D3-BF4B-00C04F79EFBC}") = "Day7.2", "Day7.2\Day7.2.csproj", "{7D80AE1C-8F39-4616-A2CC-B6FCF94649F9}"
EndProject
Project("{FAE04EC0-301F-11D3-BF4B-00C04F79EFBC}") = "Day8.1", "Day8.1\Day8.1.csproj", "{20DB4D24-765C-4159-8E18-E1830039D6EA}"
EndProject
Project("{FAE04EC0-301F-11D3-BF4B-00C04F79EFBC}") = "Day8.2", "Day8.2\Day8.2.csproj", "{12218194-E400-4D95-A333-17286CB931A5}"
EndProject
Global
	GlobalSection(SolutionConfigurationPlatforms) = preSolution
		Debug|Any CPU = Debug|Any CPU
		Release|Any CPU = Release|Any CPU
	EndGlobalSection
	GlobalSection(ProjectConfigurationPlatforms) = postSolution
		{9AE0BE90-2FEF-46CC-8405-529E5E3AB89D}.Debug|Any CPU.ActiveCfg = Debug|Any CPU
		{9AE0BE90-2FEF-46CC-8405-529E5E3AB89D}.Debug|Any CPU.Build.0 = Debug|Any CPU
		{9AE0BE90-2FEF-46CC-8405-529E5E3AB89D}.Release|Any CPU.ActiveCfg = Release|Any CPU
		{9AE0BE90-2FEF-46CC-8405-529E5E3AB89D}.Release|Any CPU.Build.0 = Release|Any CPU
		{A3F4B784-FADD-438B-9153-9E81BDC950DB}.Debug|Any CPU.ActiveCfg = Debug|Any CPU
		{A3F4B784-FADD-438B-9153-9E81BDC950DB}.Debug|Any CPU.Build.0 = Debug|Any CPU
		{A3F4B784-FADD-438B-9153-9E81BDC950DB}.Release|Any CPU.ActiveCfg = Release|Any CPU
		{A3F4B784-FADD-438B-9153-9E81BDC950DB}.Release|Any CPU.Build.0 = Release|Any CPU
		{FE9D04B9-A56E-4B58-B9CD-E8BE68BCD29D}.Debug|Any CPU.ActiveCfg = Debug|Any CPU
		{FE9D04B9-A56E-4B58-B9CD-E8BE68BCD29D}.Debug|Any CPU.Build.0 = Debug|Any CPU
		{FE9D04B9-A56E-4B58-B9CD-E8BE68BCD29D}.Release|Any CPU.ActiveCfg = Release|Any CPU
		{FE9D04B9-A56E-4B58-B9CD-E8BE68BCD29D}.Release|Any CPU.Build.0 = Release|Any CPU
		{16735FD8-5620-4CFF-965F-98CAF6E7F4E1}.Debug|Any CPU.ActiveCfg = Debug|Any CPU
		{16735FD8-5620-4CFF-965F-98CAF6E7F4E1}.Debug|Any CPU.Build.0 = Debug|Any CPU
		{16735FD8-5620-4CFF-965F-98CAF6E7F4E1}.Release|Any CPU.ActiveCfg = Release|Any CPU
		{16735FD8-5620-4CFF-965F-98CAF6E7F4E1}.Release|Any CPU.Build.0 = Release|Any CPU
		{51866646-B6AE-4EEB-9F17-4E2F3122F841}.Debug|Any CPU.ActiveCfg = Debug|Any CPU
		{51866646-B6AE-4EEB-9F17-4E2F3122F841}.Debug|Any CPU.Build.0 = Debug|Any CPU
		{51866646-B6AE-4EEB-9F17-4E2F3122F841}.Release|Any CPU.ActiveCfg = Release|Any CPU
		{51866646-B6AE-4EEB-9F17-4E2F3122F841}.Release|Any CPU.Build.0 = Release|Any CPU
		{3FCEE233-06F9-45ED-B4C3-DE6F80E73A9A}.Debug|Any CPU.ActiveCfg = Debug|Any CPU
		{3FCEE233-06F9-45ED-B4C3-DE6F80E73A9A}.Debug|Any CPU.Build.0 = Debug|Any CPU
		{3FCEE233-06F9-45ED-B4C3-DE6F80E73A9A}.Release|Any CPU.ActiveCfg = Release|Any CPU
		{3FCEE233-06F9-45ED-B4C3-DE6F80E73A9A}.Release|Any CPU.Build.0 = Release|Any CPU
		{ABAA46C6-690D-4472-9596-F4F09ADDCA2A}.Debug|Any CPU.ActiveCfg = Debug|Any CPU
		{ABAA46C6-690D-4472-9596-F4F09ADDCA2A}.Debug|Any CPU.Build.0 = Debug|Any CPU
		{ABAA46C6-690D-4472-9596-F4F09ADDCA2A}.Release|Any CPU.ActiveCfg = Release|Any CPU
		{ABAA46C6-690D-4472-9596-F4F09ADDCA2A}.Release|Any CPU.Build.0 = Release|Any CPU
		{4F2DC077-95CB-4170-825E-3EA4D6707F10}.Debug|Any CPU.ActiveCfg = Debug|Any CPU
		{4F2DC077-95CB-4170-825E-3EA4D6707F10}.Debug|Any CPU.Build.0 = Debug|Any CPU
		{4F2DC077-95CB-4170-825E-3EA4D6707F10}.Release|Any CPU.ActiveCfg = Release|Any CPU
		{4F2DC077-95CB-4170-825E-3EA4D6707F10}.Release|Any CPU.Build.0 = Release|Any CPU
		{233088D7-4596-499D-99EF-679FE86FA428}.Debug|Any CPU.ActiveCfg = Debug|Any CPU
		{233088D7-4596-499D-99EF-679FE86FA428}.Debug|Any CPU.Build.0 = Debug|Any CPU
		{233088D7-4596-499D-99EF-679FE86FA428}.Release|Any CPU.ActiveCfg = Release|Any CPU
		{233088D7-4596-499D-99EF-679FE86FA428}.Release|Any CPU.Build.0 = Release|Any CPU
		{E9D5094C-5D41-4A79-B316-9F0855796288}.Debug|Any CPU.ActiveCfg = Debug|Any CPU
		{E9D5094C-5D41-4A79-B316-9F0855796288}.Debug|Any CPU.Build.0 = Debug|Any CPU
		{E9D5094C-5D41-4A79-B316-9F0855796288}.Release|Any CPU.ActiveCfg = Release|Any CPU
		{E9D5094C-5D41-4A79-B316-9F0855796288}.Release|Any CPU.Build.0 = Release|Any CPU
		{A8C3CC21-DC5F-4A73-A97B-B16E64CD196D}.Debug|Any CPU.ActiveCfg = Debug|Any CPU
		{A8C3CC21-DC5F-4A73-A97B-B16E64CD196D}.Debug|Any CPU.Build.0 = Debug|Any CPU
		{A8C3CC21-DC5F-4A73-A97B-B16E64CD196D}.Release|Any CPU.ActiveCfg = Release|Any CPU
		{A8C3CC21-DC5F-4A73-A97B-B16E64CD196D}.Release|Any CPU.Build.0 = Release|Any CPU
		{C07C46F1-EFF1-4CAD-865C-58BF52C61764}.Debug|Any CPU.ActiveCfg = Debug|Any CPU
		{C07C46F1-EFF1-4CAD-865C-58BF52C61764}.Debug|Any CPU.Build.0 = Debug|Any CPU
		{C07C46F1-EFF1-4CAD-865C-58BF52C61764}.Release|Any CPU.ActiveCfg = Release|Any CPU
		{C07C46F1-EFF1-4CAD-865C-58BF52C61764}.Release|Any CPU.Build.0 = Release|Any CPU
		{4529A1FF-E8C3-4439-BF53-0C1184473CBB}.Debug|Any CPU.ActiveCfg = Debug|Any CPU
		{4529A1FF-E8C3-4439-BF53-0C1184473CBB}.Debug|Any CPU.Build.0 = Debug|Any CPU
		{4529A1FF-E8C3-4439-BF53-0C1184473CBB}.Release|Any CPU.ActiveCfg = Release|Any CPU
		{4529A1FF-E8C3-4439-BF53-0C1184473CBB}.Release|Any CPU.Build.0 = Release|Any CPU
		{7D80AE1C-8F39-4616-A2CC-B6FCF94649F9}.Debug|Any CPU.ActiveCfg = Debug|Any CPU
		{7D80AE1C-8F39-4616-A2CC-B6FCF94649F9}.Debug|Any CPU.Build.0 = Debug|Any CPU
		{7D80AE1C-8F39-4616-A2CC-B6FCF94649F9}.Release|Any CPU.ActiveCfg = Release|Any CPU
		{7D80AE1C-8F39-4616-A2CC-B6FCF94649F9}.Release|Any CPU.Build.0 = Release|Any CPU
		{20DB4D24-765C-4159-8E18-E1830039D6EA}.Debug|Any CPU.ActiveCfg = Debug|Any CPU
		{20DB4D24-765C-4159-8E18-E1830039D6EA}.Debug|Any CPU.Build.0 = Debug|Any CPU
		{20DB4D24-765C-4159-8E18-E1830039D6EA}.Release|Any CPU.ActiveCfg = Release|Any CPU
		{20DB4D24-765C-4159-8E18-E1830039D6EA}.Release|Any CPU.Build.0 = Release|Any CPU
		{12218194-E400-4D95-A333-17286CB931A5}.Debug|Any CPU.ActiveCfg = Debug|Any CPU
		{12218194-E400-4D95-A333-17286CB931A5}.Debug|Any CPU.Build.0 = Debug|Any CPU
		{12218194-E400-4D95-A333-17286CB931A5}.Release|Any CPU.ActiveCfg = Release|Any CPU
		{12218194-E400-4D95-A333-17286CB931A5}.Release|Any CPU.Build.0 = Release|Any CPU
	EndGlobalSection
	GlobalSection(SolutionProperties) = preSolution
		HideSolutionNode = FALSE
	EndGlobalSection
	GlobalSection(ExtensibilityGlobals) = postSolution
		SolutionGuid = {F9E3D5FE-7A76-4E90-833C-31533EA36B38}
	EndGlobalSection
EndGlobal
